// !$*UTF8*$!
{
	archiveVersion = 1;
	classes = {
	};
	objectVersion = 55;
	objects = {

/* Begin PBXBuildFile section */
		207BFCFD8DDEEC5161B76F74 /* Pods_HomeWork24_RomanGushchik.framework in Frameworks */ = {isa = PBXBuildFile; fileRef = 7501A9A23AE05325410EE341 /* Pods_HomeWork24_RomanGushchik.framework */; };
		841E087B28694E30003DB2F4 /* MapViewController.swift in Sources */ = {isa = PBXBuildFile; fileRef = 841E087A28694E30003DB2F4 /* MapViewController.swift */; };
		841E087E28695167003DB2F4 /* MapStoryboard.storyboard in Resources */ = {isa = PBXBuildFile; fileRef = 841E087D28695167003DB2F4 /* MapStoryboard.storyboard */; };
		841E088028696469003DB2F4 /* TabBarViewController.swift in Sources */ = {isa = PBXBuildFile; fileRef = 841E087F28696469003DB2F4 /* TabBarViewController.swift */; };
		84448D2B2860843F004A82D6 /* AppDelegate.swift in Sources */ = {isa = PBXBuildFile; fileRef = 84448D2A2860843F004A82D6 /* AppDelegate.swift */; };
		84448D2D2860843F004A82D6 /* SceneDelegate.swift in Sources */ = {isa = PBXBuildFile; fileRef = 84448D2C2860843F004A82D6 /* SceneDelegate.swift */; };
		84448D2F2860843F004A82D6 /* WeatherViewController.swift in Sources */ = {isa = PBXBuildFile; fileRef = 84448D2E2860843F004A82D6 /* WeatherViewController.swift */; };
		84448D322860843F004A82D6 /* Main.storyboard in Resources */ = {isa = PBXBuildFile; fileRef = 84448D302860843F004A82D6 /* Main.storyboard */; };
		84448D3428608443004A82D6 /* Assets.xcassets in Resources */ = {isa = PBXBuildFile; fileRef = 84448D3328608443004A82D6 /* Assets.xcassets */; };
		84448D3728608443004A82D6 /* LaunchScreen.storyboard in Resources */ = {isa = PBXBuildFile; fileRef = 84448D3528608443004A82D6 /* LaunchScreen.storyboard */; };
		84448D3F28609644004A82D6 /* CurrentWeather.swift in Sources */ = {isa = PBXBuildFile; fileRef = 84448D3E28609644004A82D6 /* CurrentWeather.swift */; };
		84448D4128646618004A82D6 /* CityCoordinates.swift in Sources */ = {isa = PBXBuildFile; fileRef = 84448D4028646618004A82D6 /* CityCoordinates.swift */; };
		84448D4328648918004A82D6 /* HourlyWeather.swift in Sources */ = {isa = PBXBuildFile; fileRef = 84448D4228648918004A82D6 /* HourlyWeather.swift */; };
		84448D4528648EB2004A82D6 /* DailyWeather.swift in Sources */ = {isa = PBXBuildFile; fileRef = 84448D4428648EB2004A82D6 /* DailyWeather.swift */; };
		84448D6F286738C0004A82D6 /* Alamofire in Frameworks */ = {isa = PBXBuildFile; productRef = 84448D6E286738C0004A82D6 /* Alamofire */; };
		84448D7128673967004A82D6 /* Constants.swift in Sources */ = {isa = PBXBuildFile; fileRef = 84448D7028673966004A82D6 /* Constants.swift */; };
		84448D74286739F3004A82D6 /* AlamofireAPIProvider.swift in Sources */ = {isa = PBXBuildFile; fileRef = 84448D73286739F3004A82D6 /* AlamofireAPIProvider.swift */; };
/* End PBXBuildFile section */

/* Begin PBXFileReference section */
		366A07FE00FD6CB24DF8DC2C /* Pods-HomeWork24_RomanGushchik.debug.xcconfig */ = {isa = PBXFileReference; includeInIndex = 1; lastKnownFileType = text.xcconfig; name = "Pods-HomeWork24_RomanGushchik.debug.xcconfig"; path = "Target Support Files/Pods-HomeWork24_RomanGushchik/Pods-HomeWork24_RomanGushchik.debug.xcconfig"; sourceTree = "<group>"; };
		3DD021739B30B328D6334D6E /* Pods-HomeWork24_RomanGushchik.release.xcconfig */ = {isa = PBXFileReference; includeInIndex = 1; lastKnownFileType = text.xcconfig; name = "Pods-HomeWork24_RomanGushchik.release.xcconfig"; path = "Target Support Files/Pods-HomeWork24_RomanGushchik/Pods-HomeWork24_RomanGushchik.release.xcconfig"; sourceTree = "<group>"; };
		7501A9A23AE05325410EE341 /* Pods_HomeWork24_RomanGushchik.framework */ = {isa = PBXFileReference; explicitFileType = wrapper.framework; includeInIndex = 0; path = Pods_HomeWork24_RomanGushchik.framework; sourceTree = BUILT_PRODUCTS_DIR; };
		841E087A28694E30003DB2F4 /* MapViewController.swift */ = {isa = PBXFileReference; lastKnownFileType = sourcecode.swift; path = MapViewController.swift; sourceTree = "<group>"; };
		841E087D28695167003DB2F4 /* MapStoryboard.storyboard */ = {isa = PBXFileReference; lastKnownFileType = file.storyboard; path = MapStoryboard.storyboard; sourceTree = "<group>"; };
		841E087F28696469003DB2F4 /* TabBarViewController.swift */ = {isa = PBXFileReference; lastKnownFileType = sourcecode.swift; path = TabBarViewController.swift; sourceTree = "<group>"; };
		84448D272860843F004A82D6 /* HomeWork24_RomanGushchik.app */ = {isa = PBXFileReference; explicitFileType = wrapper.application; includeInIndex = 0; path = HomeWork24_RomanGushchik.app; sourceTree = BUILT_PRODUCTS_DIR; };
		84448D2A2860843F004A82D6 /* AppDelegate.swift */ = {isa = PBXFileReference; lastKnownFileType = sourcecode.swift; path = AppDelegate.swift; sourceTree = "<group>"; };
		84448D2C2860843F004A82D6 /* SceneDelegate.swift */ = {isa = PBXFileReference; lastKnownFileType = sourcecode.swift; path = SceneDelegate.swift; sourceTree = "<group>"; };
		84448D2E2860843F004A82D6 /* WeatherViewController.swift */ = {isa = PBXFileReference; lastKnownFileType = sourcecode.swift; path = WeatherViewController.swift; sourceTree = "<group>"; };
		84448D312860843F004A82D6 /* Base */ = {isa = PBXFileReference; lastKnownFileType = file.storyboard; name = Base; path = Base.lproj/Main.storyboard; sourceTree = "<group>"; };
		84448D3328608443004A82D6 /* Assets.xcassets */ = {isa = PBXFileReference; lastKnownFileType = folder.assetcatalog; path = Assets.xcassets; sourceTree = "<group>"; };
		84448D3628608443004A82D6 /* Base */ = {isa = PBXFileReference; lastKnownFileType = file.storyboard; name = Base; path = Base.lproj/LaunchScreen.storyboard; sourceTree = "<group>"; };
		84448D3828608443004A82D6 /* Info.plist */ = {isa = PBXFileReference; lastKnownFileType = text.plist.xml; path = Info.plist; sourceTree = "<group>"; };
		84448D3E28609644004A82D6 /* CurrentWeather.swift */ = {isa = PBXFileReference; lastKnownFileType = sourcecode.swift; path = CurrentWeather.swift; sourceTree = "<group>"; };
		84448D4028646618004A82D6 /* CityCoordinates.swift */ = {isa = PBXFileReference; lastKnownFileType = sourcecode.swift; path = CityCoordinates.swift; sourceTree = "<group>"; };
		84448D4228648918004A82D6 /* HourlyWeather.swift */ = {isa = PBXFileReference; lastKnownFileType = sourcecode.swift; path = HourlyWeather.swift; sourceTree = "<group>"; };
		84448D4428648EB2004A82D6 /* DailyWeather.swift */ = {isa = PBXFileReference; lastKnownFileType = sourcecode.swift; path = DailyWeather.swift; sourceTree = "<group>"; };
		84448D7028673966004A82D6 /* Constants.swift */ = {isa = PBXFileReference; lastKnownFileType = sourcecode.swift; path = Constants.swift; sourceTree = "<group>"; };
		84448D73286739F3004A82D6 /* AlamofireAPIProvider.swift */ = {isa = PBXFileReference; lastKnownFileType = sourcecode.swift; path = AlamofireAPIProvider.swift; sourceTree = "<group>"; };
/* End PBXFileReference section */

/* Begin PBXFrameworksBuildPhase section */
		84448D242860843F004A82D6 /* Frameworks */ = {
			isa = PBXFrameworksBuildPhase;
			buildActionMask = 2147483647;
			files = (
				84448D6F286738C0004A82D6 /* Alamofire in Frameworks */,
				207BFCFD8DDEEC5161B76F74 /* Pods_HomeWork24_RomanGushchik.framework in Frameworks */,
			);
			runOnlyForDeploymentPostprocessing = 0;
		};
/* End PBXFrameworksBuildPhase section */

/* Begin PBXGroup section */
		1FA8847B3996A6E0802B053C /* Frameworks */ = {
			isa = PBXGroup;
			children = (
				7501A9A23AE05325410EE341 /* Pods_HomeWork24_RomanGushchik.framework */,
			);
			name = Frameworks;
			sourceTree = "<group>";
		};
		73431BE50296363EA7538F1B /* Pods */ = {
			isa = PBXGroup;
			children = (
				366A07FE00FD6CB24DF8DC2C /* Pods-HomeWork24_RomanGushchik.debug.xcconfig */,
				3DD021739B30B328D6334D6E /* Pods-HomeWork24_RomanGushchik.release.xcconfig */,
			);
			name = Pods;
			path = Pods;
			sourceTree = "<group>";
		};
		841E087C28694E72003DB2F4 /* Storyboards */ = {
			isa = PBXGroup;
			children = (
				84448D302860843F004A82D6 /* Main.storyboard */,
				841E087D28695167003DB2F4 /* MapStoryboard.storyboard */,
			);
			path = Storyboards;
			sourceTree = "<group>";
		};
		84448D1E2860843F004A82D6 = {
			isa = PBXGroup;
			children = (
				84448D292860843F004A82D6 /* HomeWork24_RomanGushchik */,
				84448D282860843F004A82D6 /* Products */,
				73431BE50296363EA7538F1B /* Pods */,
				1FA8847B3996A6E0802B053C /* Frameworks */,
			);
			sourceTree = "<group>";
		};
		84448D282860843F004A82D6 /* Products */ = {
			isa = PBXGroup;
			children = (
				84448D272860843F004A82D6 /* HomeWork24_RomanGushchik.app */,
			);
			name = Products;
			sourceTree = "<group>";
		};
		84448D292860843F004A82D6 /* HomeWork24_RomanGushchik */ = {
			isa = PBXGroup;
			children = (
				84448D2A2860843F004A82D6 /* AppDelegate.swift */,
				84448D2C2860843F004A82D6 /* SceneDelegate.swift */,
				84448D7028673966004A82D6 /* Constants.swift */,
				84448D76286751B6004A82D6 /* ViewControllers */,
				84448D7528673A1C004A82D6 /* APIProviders */,
				84448D6C286737C2004A82D6 /* Models */,
				841E087C28694E72003DB2F4 /* Storyboards */,
				84448D3328608443004A82D6 /* Assets.xcassets */,
				84448D3528608443004A82D6 /* LaunchScreen.storyboard */,
				84448D3828608443004A82D6 /* Info.plist */,
			);
			path = HomeWork24_RomanGushchik;
			sourceTree = "<group>";
		};
		84448D6C286737C2004A82D6 /* Models */ = {
			isa = PBXGroup;
			children = (
				84448D4028646618004A82D6 /* CityCoordinates.swift */,
				84448D3E28609644004A82D6 /* CurrentWeather.swift */,
				84448D4228648918004A82D6 /* HourlyWeather.swift */,
				84448D4428648EB2004A82D6 /* DailyWeather.swift */,
			);
			path = Models;
			sourceTree = "<group>";
		};
		84448D7528673A1C004A82D6 /* APIProviders */ = {
			isa = PBXGroup;
			children = (
				84448D73286739F3004A82D6 /* AlamofireAPIProvider.swift */,
			);
			path = APIProviders;
			sourceTree = "<group>";
		};
		84448D76286751B6004A82D6 /* ViewControllers */ = {
			isa = PBXGroup;
			children = (
				841E087F28696469003DB2F4 /* TabBarViewController.swift */,
				84448D2E2860843F004A82D6 /* WeatherViewController.swift */,
				841E087A28694E30003DB2F4 /* MapViewController.swift */,
			);
			path = ViewControllers;
			sourceTree = "<group>";
		};
/* End PBXGroup section */

/* Begin PBXNativeTarget section */
		84448D262860843F004A82D6 /* HomeWork24_RomanGushchik */ = {
			isa = PBXNativeTarget;
			buildConfigurationList = 84448D3B28608443004A82D6 /* Build configuration list for PBXNativeTarget "HomeWork24_RomanGushchik" */;
			buildPhases = (
				728D100BE091CFF339E0D4DE /* [CP] Check Pods Manifest.lock */,
				84448D232860843F004A82D6 /* Sources */,
				84448D242860843F004A82D6 /* Frameworks */,
				84448D252860843F004A82D6 /* Resources */,
				2FEAB3DD2FECCFFA2F148B40 /* [CP] Copy Pods Resources */,
			);
			buildRules = (
			);
			dependencies = (
			);
			name = HomeWork24_RomanGushchik;
			packageProductDependencies = (
				84448D6E286738C0004A82D6 /* Alamofire */,
			);
			productName = HomeWork24_RomanGushchik;
			productReference = 84448D272860843F004A82D6 /* HomeWork24_RomanGushchik.app */;
			productType = "com.apple.product-type.application";
		};
/* End PBXNativeTarget section */

/* Begin PBXProject section */
		84448D1F2860843F004A82D6 /* Project object */ = {
			isa = PBXProject;
			attributes = {
				BuildIndependentTargetsInParallel = 1;
				LastSwiftUpdateCheck = 1340;
				LastUpgradeCheck = 1340;
				TargetAttributes = {
					84448D262860843F004A82D6 = {
						CreatedOnToolsVersion = 13.4.1;
					};
				};
			};
			buildConfigurationList = 84448D222860843F004A82D6 /* Build configuration list for PBXProject "HomeWork24_RomanGushchik" */;
			compatibilityVersion = "Xcode 13.0";
			developmentRegion = en;
			hasScannedForEncodings = 0;
			knownRegions = (
				en,
				Base,
			);
			mainGroup = 84448D1E2860843F004A82D6;
			packageReferences = (
				84448D6D286738C0004A82D6 /* XCRemoteSwiftPackageReference "Alamofire.git" */,
			);
			productRefGroup = 84448D282860843F004A82D6 /* Products */;
			projectDirPath = "";
			projectRoot = "";
			targets = (
				84448D262860843F004A82D6 /* HomeWork24_RomanGushchik */,
			);
		};
/* End PBXProject section */

/* Begin PBXResourcesBuildPhase section */
		84448D252860843F004A82D6 /* Resources */ = {
			isa = PBXResourcesBuildPhase;
			buildActionMask = 2147483647;
			files = (
				84448D3728608443004A82D6 /* LaunchScreen.storyboard in Resources */,
				84448D3428608443004A82D6 /* Assets.xcassets in Resources */,
				841E087E28695167003DB2F4 /* MapStoryboard.storyboard in Resources */,
				84448D322860843F004A82D6 /* Main.storyboard in Resources */,
			);
			runOnlyForDeploymentPostprocessing = 0;
		};
/* End PBXResourcesBuildPhase section */

/* Begin PBXShellScriptBuildPhase section */
		2FEAB3DD2FECCFFA2F148B40 /* [CP] Copy Pods Resources */ = {
			isa = PBXShellScriptBuildPhase;
			buildActionMask = 2147483647;
			files = (
			);
			inputFileListPaths = (
				"${PODS_ROOT}/Target Support Files/Pods-HomeWork24_RomanGushchik/Pods-HomeWork24_RomanGushchik-resources-${CONFIGURATION}-input-files.xcfilelist",
			);
			name = "[CP] Copy Pods Resources";
			outputFileListPaths = (
				"${PODS_ROOT}/Target Support Files/Pods-HomeWork24_RomanGushchik/Pods-HomeWork24_RomanGushchik-resources-${CONFIGURATION}-output-files.xcfilelist",
			);
			runOnlyForDeploymentPostprocessing = 0;
			shellPath = /bin/sh;
			shellScript = "\"${PODS_ROOT}/Target Support Files/Pods-HomeWork24_RomanGushchik/Pods-HomeWork24_RomanGushchik-resources.sh\"\n";
			showEnvVarsInLog = 0;
		};
		728D100BE091CFF339E0D4DE /* [CP] Check Pods Manifest.lock */ = {
			isa = PBXShellScriptBuildPhase;
			buildActionMask = 2147483647;
			files = (
			);
			inputFileListPaths = (
			);
			inputPaths = (
				"${PODS_PODFILE_DIR_PATH}/Podfile.lock",
				"${PODS_ROOT}/Manifest.lock",
			);
			name = "[CP] Check Pods Manifest.lock";
			outputFileListPaths = (
			);
			outputPaths = (
				"$(DERIVED_FILE_DIR)/Pods-HomeWork24_RomanGushchik-checkManifestLockResult.txt",
			);
			runOnlyForDeploymentPostprocessing = 0;
			shellPath = /bin/sh;
			shellScript = "diff \"${PODS_PODFILE_DIR_PATH}/Podfile.lock\" \"${PODS_ROOT}/Manifest.lock\" > /dev/null\nif [ $? != 0 ] ; then\n    # print error to STDERR\n    echo \"error: The sandbox is not in sync with the Podfile.lock. Run 'pod install' or update your CocoaPods installation.\" >&2\n    exit 1\nfi\n# This output is used by Xcode 'outputs' to avoid re-running this script phase.\necho \"SUCCESS\" > \"${SCRIPT_OUTPUT_FILE_0}\"\n";
			showEnvVarsInLog = 0;
		};
/* End PBXShellScriptBuildPhase section */

/* Begin PBXSourcesBuildPhase section */
		84448D232860843F004A82D6 /* Sources */ = {
			isa = PBXSourcesBuildPhase;
			buildActionMask = 2147483647;
			files = (
				84448D4128646618004A82D6 /* CityCoordinates.swift in Sources */,
				84448D4528648EB2004A82D6 /* DailyWeather.swift in Sources */,
				841E088028696469003DB2F4 /* TabBarViewController.swift in Sources */,
				84448D3F28609644004A82D6 /* CurrentWeather.swift in Sources */,
				841E087B28694E30003DB2F4 /* MapViewController.swift in Sources */,
				84448D2F2860843F004A82D6 /* WeatherViewController.swift in Sources */,
				84448D74286739F3004A82D6 /* AlamofireAPIProvider.swift in Sources */,
				84448D4328648918004A82D6 /* HourlyWeather.swift in Sources */,
				84448D2B2860843F004A82D6 /* AppDelegate.swift in Sources */,
				84448D2D2860843F004A82D6 /* SceneDelegate.swift in Sources */,
				84448D7128673967004A82D6 /* Constants.swift in Sources */,
			);
			runOnlyForDeploymentPostprocessing = 0;
		};
/* End PBXSourcesBuildPhase section */

/* Begin PBXVariantGroup section */
		84448D302860843F004A82D6 /* Main.storyboard */ = {
			isa = PBXVariantGroup;
			children = (
				84448D312860843F004A82D6 /* Base */,
			);
			name = Main.storyboard;
			sourceTree = "<group>";
		};
		84448D3528608443004A82D6 /* LaunchScreen.storyboard */ = {
			isa = PBXVariantGroup;
			children = (
				84448D3628608443004A82D6 /* Base */,
			);
			name = LaunchScreen.storyboard;
			sourceTree = "<group>";
		};
/* End PBXVariantGroup section */

/* Begin XCBuildConfiguration section */
		84448D3928608443004A82D6 /* Debug */ = {
			isa = XCBuildConfiguration;
			buildSettings = {
				ALWAYS_SEARCH_USER_PATHS = NO;
				CLANG_ANALYZER_NONNULL = YES;
				CLANG_ANALYZER_NUMBER_OBJECT_CONVERSION = YES_AGGRESSIVE;
				CLANG_CXX_LANGUAGE_STANDARD = "gnu++17";
				CLANG_ENABLE_MODULES = YES;
				CLANG_ENABLE_OBJC_ARC = YES;
				CLANG_ENABLE_OBJC_WEAK = YES;
				CLANG_WARN_BLOCK_CAPTURE_AUTORELEASING = YES;
				CLANG_WARN_BOOL_CONVERSION = YES;
				CLANG_WARN_COMMA = YES;
				CLANG_WARN_CONSTANT_CONVERSION = YES;
				CLANG_WARN_DEPRECATED_OBJC_IMPLEMENTATIONS = YES;
				CLANG_WARN_DIRECT_OBJC_ISA_USAGE = YES_ERROR;
				CLANG_WARN_DOCUMENTATION_COMMENTS = YES;
				CLANG_WARN_EMPTY_BODY = YES;
				CLANG_WARN_ENUM_CONVERSION = YES;
				CLANG_WARN_INFINITE_RECURSION = YES;
				CLANG_WARN_INT_CONVERSION = YES;
				CLANG_WARN_NON_LITERAL_NULL_CONVERSION = YES;
				CLANG_WARN_OBJC_IMPLICIT_RETAIN_SELF = YES;
				CLANG_WARN_OBJC_LITERAL_CONVERSION = YES;
				CLANG_WARN_OBJC_ROOT_CLASS = YES_ERROR;
				CLANG_WARN_QUOTED_INCLUDE_IN_FRAMEWORK_HEADER = YES;
				CLANG_WARN_RANGE_LOOP_ANALYSIS = YES;
				CLANG_WARN_STRICT_PROTOTYPES = YES;
				CLANG_WARN_SUSPICIOUS_MOVE = YES;
				CLANG_WARN_UNGUARDED_AVAILABILITY = YES_AGGRESSIVE;
				CLANG_WARN_UNREACHABLE_CODE = YES;
				CLANG_WARN__DUPLICATE_METHOD_MATCH = YES;
				COPY_PHASE_STRIP = NO;
				DEBUG_INFORMATION_FORMAT = dwarf;
				ENABLE_STRICT_OBJC_MSGSEND = YES;
				ENABLE_TESTABILITY = YES;
				GCC_C_LANGUAGE_STANDARD = gnu11;
				GCC_DYNAMIC_NO_PIC = NO;
				GCC_NO_COMMON_BLOCKS = YES;
				GCC_OPTIMIZATION_LEVEL = 0;
				GCC_PREPROCESSOR_DEFINITIONS = (
					"DEBUG=1",
					"$(inherited)",
				);
				GCC_WARN_64_TO_32_BIT_CONVERSION = YES;
				GCC_WARN_ABOUT_RETURN_TYPE = YES_ERROR;
				GCC_WARN_UNDECLARED_SELECTOR = YES;
				GCC_WARN_UNINITIALIZED_AUTOS = YES_AGGRESSIVE;
				GCC_WARN_UNUSED_FUNCTION = YES;
				GCC_WARN_UNUSED_VARIABLE = YES;
				IPHONEOS_DEPLOYMENT_TARGET = 15.5;
				MTL_ENABLE_DEBUG_INFO = INCLUDE_SOURCE;
				MTL_FAST_MATH = YES;
				ONLY_ACTIVE_ARCH = YES;
				SDKROOT = iphoneos;
				SWIFT_ACTIVE_COMPILATION_CONDITIONS = DEBUG;
				SWIFT_OPTIMIZATION_LEVEL = "-Onone";
			};
			name = Debug;
		};
		84448D3A28608443004A82D6 /* Release */ = {
			isa = XCBuildConfiguration;
			buildSettings = {
				ALWAYS_SEARCH_USER_PATHS = NO;
				CLANG_ANALYZER_NONNULL = YES;
				CLANG_ANALYZER_NUMBER_OBJECT_CONVERSION = YES_AGGRESSIVE;
				CLANG_CXX_LANGUAGE_STANDARD = "gnu++17";
				CLANG_ENABLE_MODULES = YES;
				CLANG_ENABLE_OBJC_ARC = YES;
				CLANG_ENABLE_OBJC_WEAK = YES;
				CLANG_WARN_BLOCK_CAPTURE_AUTORELEASING = YES;
				CLANG_WARN_BOOL_CONVERSION = YES;
				CLANG_WARN_COMMA = YES;
				CLANG_WARN_CONSTANT_CONVERSION = YES;
				CLANG_WARN_DEPRECATED_OBJC_IMPLEMENTATIONS = YES;
				CLANG_WARN_DIRECT_OBJC_ISA_USAGE = YES_ERROR;
				CLANG_WARN_DOCUMENTATION_COMMENTS = YES;
				CLANG_WARN_EMPTY_BODY = YES;
				CLANG_WARN_ENUM_CONVERSION = YES;
				CLANG_WARN_INFINITE_RECURSION = YES;
				CLANG_WARN_INT_CONVERSION = YES;
				CLANG_WARN_NON_LITERAL_NULL_CONVERSION = YES;
				CLANG_WARN_OBJC_IMPLICIT_RETAIN_SELF = YES;
				CLANG_WARN_OBJC_LITERAL_CONVERSION = YES;
				CLANG_WARN_OBJC_ROOT_CLASS = YES_ERROR;
				CLANG_WARN_QUOTED_INCLUDE_IN_FRAMEWORK_HEADER = YES;
				CLANG_WARN_RANGE_LOOP_ANALYSIS = YES;
				CLANG_WARN_STRICT_PROTOTYPES = YES;
				CLANG_WARN_SUSPICIOUS_MOVE = YES;
				CLANG_WARN_UNGUARDED_AVAILABILITY = YES_AGGRESSIVE;
				CLANG_WARN_UNREACHABLE_CODE = YES;
				CLANG_WARN__DUPLICATE_METHOD_MATCH = YES;
				COPY_PHASE_STRIP = NO;
				DEBUG_INFORMATION_FORMAT = "dwarf-with-dsym";
				ENABLE_NS_ASSERTIONS = NO;
				ENABLE_STRICT_OBJC_MSGSEND = YES;
				GCC_C_LANGUAGE_STANDARD = gnu11;
				GCC_NO_COMMON_BLOCKS = YES;
				GCC_WARN_64_TO_32_BIT_CONVERSION = YES;
				GCC_WARN_ABOUT_RETURN_TYPE = YES_ERROR;
				GCC_WARN_UNDECLARED_SELECTOR = YES;
				GCC_WARN_UNINITIALIZED_AUTOS = YES_AGGRESSIVE;
				GCC_WARN_UNUSED_FUNCTION = YES;
				GCC_WARN_UNUSED_VARIABLE = YES;
				IPHONEOS_DEPLOYMENT_TARGET = 15.5;
				MTL_ENABLE_DEBUG_INFO = NO;
				MTL_FAST_MATH = YES;
				SDKROOT = iphoneos;
				SWIFT_COMPILATION_MODE = wholemodule;
				SWIFT_OPTIMIZATION_LEVEL = "-O";
				VALIDATE_PRODUCT = YES;
			};
			name = Release;
		};
		84448D3C28608443004A82D6 /* Debug */ = {
			isa = XCBuildConfiguration;
			baseConfigurationReference = 366A07FE00FD6CB24DF8DC2C /* Pods-HomeWork24_RomanGushchik.debug.xcconfig */;
			buildSettings = {
				ASSETCATALOG_COMPILER_APPICON_NAME = AppIcon;
				ASSETCATALOG_COMPILER_GLOBAL_ACCENT_COLOR_NAME = AccentColor;
				CODE_SIGN_STYLE = Automatic;
				CURRENT_PROJECT_VERSION = 1;
				DEVELOPMENT_TEAM = GZ2W8R43CZ;
				GENERATE_INFOPLIST_FILE = YES;
				INFOPLIST_FILE = HomeWork24_RomanGushchik/Info.plist;
				INFOPLIST_KEY_UIApplicationSupportsIndirectInputEvents = YES;
				INFOPLIST_KEY_UILaunchStoryboardName = LaunchScreen;
				INFOPLIST_KEY_UIMainStoryboardFile = Main;
				INFOPLIST_KEY_UISupportedInterfaceOrientations_iPad = "UIInterfaceOrientationPortrait UIInterfaceOrientationPortraitUpsideDown UIInterfaceOrientationLandscapeLeft UIInterfaceOrientationLandscapeRight";
				INFOPLIST_KEY_UISupportedInterfaceOrientations_iPhone = "UIInterfaceOrientationPortrait UIInterfaceOrientationLandscapeLeft UIInterfaceOrientationLandscapeRight";
				LD_RUNPATH_SEARCH_PATHS = (
					"$(inherited)",
					"@executable_path/Frameworks",
				);
				MARKETING_VERSION = 1.0;
				PRODUCT_BUNDLE_IDENTIFIER = "RomanGushchik.HomeWork24-RomanGushchik";
				PRODUCT_NAME = "$(TARGET_NAME)";
				SWIFT_EMIT_LOC_STRINGS = YES;
				SWIFT_VERSION = 5.0;
				TARGETED_DEVICE_FAMILY = "1,2";
			};
			name = Debug;
		};
		84448D3D28608443004A82D6 /* Release */ = {
			isa = XCBuildConfiguration;
			baseConfigurationReference = 3DD021739B30B328D6334D6E /* Pods-HomeWork24_RomanGushchik.release.xcconfig */;
			buildSettings = {
				ASSETCATALOG_COMPILER_APPICON_NAME = AppIcon;
				ASSETCATALOG_COMPILER_GLOBAL_ACCENT_COLOR_NAME = AccentColor;
				CODE_SIGN_STYLE = Automatic;
				CURRENT_PROJECT_VERSION = 1;
				DEVELOPMENT_TEAM = GZ2W8R43CZ;
				GENERATE_INFOPLIST_FILE = YES;
				INFOPLIST_FILE = HomeWork24_RomanGushchik/Info.plist;
				INFOPLIST_KEY_UIApplicationSupportsIndirectInputEvents = YES;
				INFOPLIST_KEY_UILaunchStoryboardName = LaunchScreen;
				INFOPLIST_KEY_UIMainStoryboardFile = Main;
				INFOPLIST_KEY_UISupportedInterfaceOrientations_iPad = "UIInterfaceOrientationPortrait UIInterfaceOrientationPortraitUpsideDown UIInterfaceOrientationLandscapeLeft UIInterfaceOrientationLandscapeRight";
				INFOPLIST_KEY_UISupportedInterfaceOrientations_iPhone = "UIInterfaceOrientationPortrait UIInterfaceOrientationLandscapeLeft UIInterfaceOrientationLandscapeRight";
				LD_RUNPATH_SEARCH_PATHS = (
					"$(inherited)",
					"@executable_path/Frameworks",
				);
				MARKETING_VERSION = 1.0;
				PRODUCT_BUNDLE_IDENTIFIER = "RomanGushchik.HomeWork24-RomanGushchik";
				PRODUCT_NAME = "$(TARGET_NAME)";
				SWIFT_EMIT_LOC_STRINGS = YES;
				SWIFT_VERSION = 5.0;
				TARGETED_DEVICE_FAMILY = "1,2";
			};
			name = Release;
		};
/* End XCBuildConfiguration section */

/* Begin XCConfigurationList section */
		84448D222860843F004A82D6 /* Build configuration list for PBXProject "HomeWork24_RomanGushchik" */ = {
			isa = XCConfigurationList;
			buildConfigurations = (
				84448D3928608443004A82D6 /* Debug */,
				84448D3A28608443004A82D6 /* Release */,
			);
			defaultConfigurationIsVisible = 0;
			defaultConfigurationName = Release;
		};
		84448D3B28608443004A82D6 /* Build configuration list for PBXNativeTarget "HomeWork24_RomanGushchik" */ = {
			isa = XCConfigurationList;
			buildConfigurations = (
				84448D3C28608443004A82D6 /* Debug */,
				84448D3D28608443004A82D6 /* Release */,
			);
			defaultConfigurationIsVisible = 0;
			defaultConfigurationName = Release;
		};
/* End XCConfigurationList section */

/* Begin XCRemoteSwiftPackageReference section */
		84448D6D286738C0004A82D6 /* XCRemoteSwiftPackageReference "Alamofire.git" */ = {
			isa = XCRemoteSwiftPackageReference;
			repositoryURL = "https://github.com/Alamofire/Alamofire.git";
			requirement = {
				kind = upToNextMajorVersion;
				minimumVersion = 5.0.0;
			};
		};
/* End XCRemoteSwiftPackageReference section */

/* Begin XCSwiftPackageProductDependency section */
		84448D6E286738C0004A82D6 /* Alamofire */ = {
			isa = XCSwiftPackageProductDependency;
			package = 84448D6D286738C0004A82D6 /* XCRemoteSwiftPackageReference "Alamofire.git" */;
			productName = Alamofire;
		};
/* End XCSwiftPackageProductDependency section */
	};
	rootObject = 84448D1F2860843F004A82D6 /* Project object */;
}
